
Microsoft Visual Studio Solution File, Format Version 12.00
# Visual Studio 14
VisualStudioVersion = 14.0.24720.0
MinimumVisualStudioVersion = 10.0.40219.1
Project("{FAE04EC0-301F-11D3-BF4B-00C04F79EFBC}") = "CBT.WPF", "CBT.WPF\CBT.WPF.csproj", "{3FA442BA-1A3E-44B6-9F9F-69CD504C2D5B}"
EndProject
Project("{FAE04EC0-301F-11D3-BF4B-00C04F79EFBC}") = "CBT.Domain", "CBT.Domain\CBT.Domain.csproj", "{EDE82CBA-D56B-4988-85F7-98AE0C3A803E}"
EndProject
Project("{FAE04EC0-301F-11D3-BF4B-00C04F79EFBC}") = "CBT.WebUI", "CBT.WebUI\CBT.WebUI.csproj", "{212AAA08-E891-4B24-BA42-D0C2B682B4FA}"
EndProject
Global
	GlobalSection(SolutionConfigurationPlatforms) = preSolution
		Debug|Any CPU = Debug|Any CPU
		Release|Any CPU = Release|Any CPU
	EndGlobalSection
	GlobalSection(ProjectConfigurationPlatforms) = postSolution
		{3FA442BA-1A3E-44B6-9F9F-69CD504C2D5B}.Debug|Any CPU.ActiveCfg = Debug|Any CPU
		{3FA442BA-1A3E-44B6-9F9F-69CD504C2D5B}.Debug|Any CPU.Build.0 = Debug|Any CPU
		{3FA442BA-1A3E-44B6-9F9F-69CD504C2D5B}.Release|Any CPU.ActiveCfg = Release|Any CPU
		{3FA442BA-1A3E-44B6-9F9F-69CD504C2D5B}.Release|Any CPU.Build.0 = Release|Any CPU
		{EDE82CBA-D56B-4988-85F7-98AE0C3A803E}.Debug|Any CPU.ActiveCfg = Debug|Any CPU
		{EDE82CBA-D56B-4988-85F7-98AE0C3A803E}.Debug|Any CPU.Build.0 = Debug|Any CPU
		{EDE82CBA-D56B-4988-85F7-98AE0C3A803E}.Release|Any CPU.ActiveCfg = Release|Any CPU
		{EDE82CBA-D56B-4988-85F7-98AE0C3A803E}.Release|Any CPU.Build.0 = Release|Any CPU
		{212AAA08-E891-4B24-BA42-D0C2B682B4FA}.Debug|Any CPU.ActiveCfg = Debug|Any CPU
		{212AAA08-E891-4B24-BA42-D0C2B682B4FA}.Debug|Any CPU.Build.0 = Debug|Any CPU
		{212AAA08-E891-4B24-BA42-D0C2B682B4FA}.Release|Any CPU.ActiveCfg = Release|Any CPU
		{212AAA08-E891-4B24-BA42-D0C2B682B4FA}.Release|Any CPU.Build.0 = Release|Any CPU
	EndGlobalSection
	GlobalSection(SolutionProperties) = preSolution
		HideSolutionNode = FALSE
	EndGlobalSection
EndGlobal
